
Microsoft Visual Studio Solution File, Format Version 12.00
# Visual Studio 14
VisualStudioVersion = 14.0.23107.0
MinimumVisualStudioVersion = 10.0.40219.1
Project("{FAE04EC0-301F-11D3-BF4B-00C04F79EFBC}") = "NeosGameStore.Domain", "NeosGameStore.Domain\NeosGameStore.Domain.csproj", "{95997637-9DBD-46AD-AE55-7780AC712684}"
EndProject
Project("{FAE04EC0-301F-11D3-BF4B-00C04F79EFBC}") = "NeosGameStore.UnitTests", "NeosGameStore.UnitTests\NeosGameStore.UnitTests.csproj", "{638D4804-EFE8-4FBB-AA9A-A13C23A5DDE4}"
EndProject
Project("{FAE04EC0-301F-11D3-BF4B-00C04F79EFBC}") = "NeosGameStore.WebUI", "NeosGameStore.WebUI\NeosGameStore.WebUI.csproj", "{0E193444-C845-402D-A27C-30EE74FF996F}"
EndProject
Global
	GlobalSection(SolutionConfigurationPlatforms) = preSolution
		Debug|Any CPU = Debug|Any CPU
		Release|Any CPU = Release|Any CPU
	EndGlobalSection
	GlobalSection(ProjectConfigurationPlatforms) = postSolution
		{95997637-9DBD-46AD-AE55-7780AC712684}.Debug|Any CPU.ActiveCfg = Debug|Any CPU
		{95997637-9DBD-46AD-AE55-7780AC712684}.Debug|Any CPU.Build.0 = Debug|Any CPU
		{95997637-9DBD-46AD-AE55-7780AC712684}.Release|Any CPU.ActiveCfg = Release|Any CPU
		{95997637-9DBD-46AD-AE55-7780AC712684}.Release|Any CPU.Build.0 = Release|Any CPU
		{638D4804-EFE8-4FBB-AA9A-A13C23A5DDE4}.Debug|Any CPU.ActiveCfg = Debug|Any CPU
		{638D4804-EFE8-4FBB-AA9A-A13C23A5DDE4}.Debug|Any CPU.Build.0 = Debug|Any CPU
		{638D4804-EFE8-4FBB-AA9A-A13C23A5DDE4}.Release|Any CPU.ActiveCfg = Release|Any CPU
		{638D4804-EFE8-4FBB-AA9A-A13C23A5DDE4}.Release|Any CPU.Build.0 = Release|Any CPU
		{0E193444-C845-402D-A27C-30EE74FF996F}.Debug|Any CPU.ActiveCfg = Debug|Any CPU
		{0E193444-C845-402D-A27C-30EE74FF996F}.Debug|Any CPU.Build.0 = Debug|Any CPU
		{0E193444-C845-402D-A27C-30EE74FF996F}.Release|Any CPU.ActiveCfg = Release|Any CPU
		{0E193444-C845-402D-A27C-30EE74FF996F}.Release|Any CPU.Build.0 = Release|Any CPU
	EndGlobalSection
	GlobalSection(SolutionProperties) = preSolution
		HideSolutionNode = FALSE
	EndGlobalSection
EndGlobal
